
Microsoft Visual Studio Solution File, Format Version 12.00
# Visual Studio 15
VisualStudioVersion = 15.0.28307.102
MinimumVisualStudioVersion = 10.0.40219.1
Project("{FAE04EC0-301F-11D3-BF4B-00C04F79EFBC}") = "Card Catalog", "Card Catalog\Card Catalog.csproj", "{22969CC1-99E4-466B-83AA-BC8815CF3E6B}"
EndProject
Global
	GlobalSection(SolutionConfigurationPlatforms) = preSolution
		Debug|Any CPU = Debug|Any CPU
		Release|Any CPU = Release|Any CPU
	EndGlobalSection
	GlobalSection(ProjectConfigurationPlatforms) = postSolution
		{22969CC1-99E4-466B-83AA-BC8815CF3E6B}.Debug|Any CPU.ActiveCfg = Debug|Any CPU
		{22969CC1-99E4-466B-83AA-BC8815CF3E6B}.Debug|Any CPU.Build.0 = Debug|Any CPU
		{22969CC1-99E4-466B-83AA-BC8815CF3E6B}.Release|Any CPU.ActiveCfg = Release|Any CPU
		{22969CC1-99E4-466B-83AA-BC8815CF3E6B}.Release|Any CPU.Build.0 = Release|Any CPU
	EndGlobalSection
	GlobalSection(SolutionProperties) = preSolution
		HideSolutionNode = FALSE
	EndGlobalSection
	GlobalSection(ExtensibilityGlobals) = postSolution
		SolutionGuid = {9EF4D81D-EFE0-49EE-8537-CB5996AD05B8}
	EndGlobalSection
EndGlobal
